// !$*UTF8*$!
{
	archiveVersion = 1;
	classes = {
	};
	objectVersion = 46;
	objects = {

/* Begin PBXBuildFile section */
		F725F14A16E285B7007F8FB7 /* UIKit.framework in Frameworks */ = {isa = PBXBuildFile; fileRef = F725F14916E285B7007F8FB7 /* UIKit.framework */; };
		F725F14C16E285B7007F8FB7 /* Foundation.framework in Frameworks */ = {isa = PBXBuildFile; fileRef = F725F14B16E285B7007F8FB7 /* Foundation.framework */; };
		F725F14E16E285B7007F8FB7 /* CoreGraphics.framework in Frameworks */ = {isa = PBXBuildFile; fileRef = F725F14D16E285B7007F8FB7 /* CoreGraphics.framework */; };
		F725F15416E285B7007F8FB7 /* InfoPlist.strings in Resources */ = {isa = PBXBuildFile; fileRef = F725F15216E285B7007F8FB7 /* InfoPlist.strings */; };
		F725F15616E285B7007F8FB7 /* main.m in Sources */ = {isa = PBXBuildFile; fileRef = F725F15516E285B7007F8FB7 /* main.m */; };
		F725F15A16E285B7007F8FB7 /* com_zerolinux5AppDelegate.m in Sources */ = {isa = PBXBuildFile; fileRef = F725F15916E285B7007F8FB7 /* com_zerolinux5AppDelegate.m */; };
		F725F15C16E285B8007F8FB7 /* Default.png in Resources */ = {isa = PBXBuildFile; fileRef = F725F15B16E285B8007F8FB7 /* Default.png */; };
		F725F15E16E285B8007F8FB7 /* Default@2x.png in Resources */ = {isa = PBXBuildFile; fileRef = F725F15D16E285B8007F8FB7 /* Default@2x.png */; };
		F725F16016E285B8007F8FB7 /* Default-568h@2x.png in Resources */ = {isa = PBXBuildFile; fileRef = F725F15F16E285B8007F8FB7 /* Default-568h@2x.png */; };
		F725F16316E285B8007F8FB7 /* MainStoryboard.storyboard in Resources */ = {isa = PBXBuildFile; fileRef = F725F16116E285B8007F8FB7 /* MainStoryboard.storyboard */; };
		F725F16616E285B8007F8FB7 /* com_zerolinux5ViewController.m in Sources */ = {isa = PBXBuildFile; fileRef = F725F16516E285B8007F8FB7 /* com_zerolinux5ViewController.m */; };
		F725F17B16E2885B007F8FB7 /* AudioToolbox.framework in Frameworks */ = {isa = PBXBuildFile; fileRef = F725F17A16E2885B007F8FB7 /* AudioToolbox.framework */; };
		F725F17D16E28862007F8FB7 /* AVFoundation.framework in Frameworks */ = {isa = PBXBuildFile; fileRef = F725F17C16E28862007F8FB7 /* AVFoundation.framework */; };
		F7C0B22F16E29C0000E5FB5B /* newpianoAMusic.mp3 in Resources */ = {isa = PBXBuildFile; fileRef = F7C0B22816E29C0000E5FB5B /* newpianoAMusic.mp3 */; };
		F7C0B23016E29C0000E5FB5B /* newpianoBMusic.mp3 in Resources */ = {isa = PBXBuildFile; fileRef = F7C0B22916E29C0000E5FB5B /* newpianoBMusic.mp3 */; };
		F7C0B23116E29C0000E5FB5B /* newpianoDMusic.mp3 in Resources */ = {isa = PBXBuildFile; fileRef = F7C0B22A16E29C0000E5FB5B /* newpianoDMusic.mp3 */; };
		F7C0B23216E29C0000E5FB5B /* newpianoEMusic.mp3 in Resources */ = {isa = PBXBuildFile; fileRef = F7C0B22B16E29C0000E5FB5B /* newpianoEMusic.mp3 */; };
		F7C0B23316E29C0000E5FB5B /* newpianoFMusic.mp3 in Resources */ = {isa = PBXBuildFile; fileRef = F7C0B22C16E29C0000E5FB5B /* newpianoFMusic.mp3 */; };
		F7C0B23416E29C0000E5FB5B /* newpianoGMusic.mp3 in Resources */ = {isa = PBXBuildFile; fileRef = F7C0B22D16E29C0000E5FB5B /* newpianoGMusic.mp3 */; };
		F7C0B23516E29C0000E5FB5B /* newpianomiddleCMusic.mp3 in Resources */ = {isa = PBXBuildFile; fileRef = F7C0B22E16E29C0000E5FB5B /* newpianomiddleCMusic.mp3 */; };
		F7C83AC016E2CF0100AC8015 /* button-3.mp3 in Resources */ = {isa = PBXBuildFile; fileRef = F7C83ABF16E2CF0100AC8015 /* button-3.mp3 */; };
		F7C83AC216E2D0D200AC8015 /* button-9.mp3 in Resources */ = {isa = PBXBuildFile; fileRef = F7C83AC116E2D0D200AC8015 /* button-9.mp3 */; };
/* End PBXBuildFile section */

/* Begin PBXFileReference section */
		F725F14516E285B7007F8FB7 /* bach.app */ = {isa = PBXFileReference; explicitFileType = wrapper.application; includeInIndex = 0; path = bach.app; sourceTree = BUILT_PRODUCTS_DIR; };
		F725F14916E285B7007F8FB7 /* UIKit.framework */ = {isa = PBXFileReference; lastKnownFileType = wrapper.framework; name = UIKit.framework; path = System/Library/Frameworks/UIKit.framework; sourceTree = SDKROOT; };
		F725F14B16E285B7007F8FB7 /* Foundation.framework */ = {isa = PBXFileReference; lastKnownFileType = wrapper.framework; name = Foundation.framework; path = System/Library/Frameworks/Foundation.framework; sourceTree = SDKROOT; };
		F725F14D16E285B7007F8FB7 /* CoreGraphics.framework */ = {isa = PBXFileReference; lastKnownFileType = wrapper.framework; name = CoreGraphics.framework; path = System/Library/Frameworks/CoreGraphics.framework; sourceTree = SDKROOT; };
		F725F15116E285B7007F8FB7 /* bach-Info.plist */ = {isa = PBXFileReference; lastKnownFileType = text.plist.xml; path = "bach-Info.plist"; sourceTree = "<group>"; };
		F725F15316E285B7007F8FB7 /* en */ = {isa = PBXFileReference; lastKnownFileType = text.plist.strings; name = en; path = en.lproj/InfoPlist.strings; sourceTree = "<group>"; };
		F725F15516E285B7007F8FB7 /* main.m */ = {isa = PBXFileReference; lastKnownFileType = sourcecode.c.objc; path = main.m; sourceTree = "<group>"; };
		F725F15716E285B7007F8FB7 /* bach-Prefix.pch */ = {isa = PBXFileReference; lastKnownFileType = sourcecode.c.h; path = "bach-Prefix.pch"; sourceTree = "<group>"; };
		F725F15816E285B7007F8FB7 /* com_zerolinux5AppDelegate.h */ = {isa = PBXFileReference; lastKnownFileType = sourcecode.c.h; path = com_zerolinux5AppDelegate.h; sourceTree = "<group>"; };
		F725F15916E285B7007F8FB7 /* com_zerolinux5AppDelegate.m */ = {isa = PBXFileReference; lastKnownFileType = sourcecode.c.objc; path = com_zerolinux5AppDelegate.m; sourceTree = "<group>"; };
		F725F15B16E285B8007F8FB7 /* Default.png */ = {isa = PBXFileReference; lastKnownFileType = image.png; path = Default.png; sourceTree = "<group>"; };
		F725F15D16E285B8007F8FB7 /* Default@2x.png */ = {isa = PBXFileReference; lastKnownFileType = image.png; path = "Default@2x.png"; sourceTree = "<group>"; };
		F725F15F16E285B8007F8FB7 /* Default-568h@2x.png */ = {isa = PBXFileReference; lastKnownFileType = image.png; path = "Default-568h@2x.png"; sourceTree = "<group>"; };
		F725F16216E285B8007F8FB7 /* en */ = {isa = PBXFileReference; lastKnownFileType = file.storyboard; name = en; path = en.lproj/MainStoryboard.storyboard; sourceTree = "<group>"; };
		F725F16416E285B8007F8FB7 /* com_zerolinux5ViewController.h */ = {isa = PBXFileReference; lastKnownFileType = sourcecode.c.h; path = com_zerolinux5ViewController.h; sourceTree = "<group>"; };
		F725F16516E285B8007F8FB7 /* com_zerolinux5ViewController.m */ = {isa = PBXFileReference; lastKnownFileType = sourcecode.c.objc; path = com_zerolinux5ViewController.m; sourceTree = "<group>"; };
		F725F17A16E2885B007F8FB7 /* AudioToolbox.framework */ = {isa = PBXFileReference; lastKnownFileType = wrapper.framework; name = AudioToolbox.framework; path = System/Library/Frameworks/AudioToolbox.framework; sourceTree = SDKROOT; };
		F725F17C16E28862007F8FB7 /* AVFoundation.framework */ = {isa = PBXFileReference; lastKnownFileType = wrapper.framework; name = AVFoundation.framework; path = System/Library/Frameworks/AVFoundation.framework; sourceTree = SDKROOT; };
		F7C0B22816E29C0000E5FB5B /* newpianoAMusic.mp3 */ = {isa = PBXFileReference; lastKnownFileType = audio.mp3; path = newpianoAMusic.mp3; sourceTree = "<group>"; };
		F7C0B22916E29C0000E5FB5B /* newpianoBMusic.mp3 */ = {isa = PBXFileReference; lastKnownFileType = audio.mp3; path = newpianoBMusic.mp3; sourceTree = "<group>"; };
		F7C0B22A16E29C0000E5FB5B /* newpianoDMusic.mp3 */ = {isa = PBXFileReference; lastKnownFileType = audio.mp3; path = newpianoDMusic.mp3; sourceTree = "<group>"; };
		F7C0B22B16E29C0000E5FB5B /* newpianoEMusic.mp3 */ = {isa = PBXFileReference; lastKnownFileType = audio.mp3; path = newpianoEMusic.mp3; sourceTree = "<group>"; };
		F7C0B22C16E29C0000E5FB5B /* newpianoFMusic.mp3 */ = {isa = PBXFileReference; lastKnownFileType = audio.mp3; path = newpianoFMusic.mp3; sourceTree = "<group>"; };
		F7C0B22D16E29C0000E5FB5B /* newpianoGMusic.mp3 */ = {isa = PBXFileReference; lastKnownFileType = audio.mp3; path = newpianoGMusic.mp3; sourceTree = "<group>"; };
		F7C0B22E16E29C0000E5FB5B /* newpianomiddleCMusic.mp3 */ = {isa = PBXFileReference; lastKnownFileType = audio.mp3; path = newpianomiddleCMusic.mp3; sourceTree = "<group>"; };
		F7C83ABF16E2CF0100AC8015 /* button-3.mp3 */ = {isa = PBXFileReference; lastKnownFileType = audio.mp3; path = "button-3.mp3"; sourceTree = "<group>"; };
		F7C83AC116E2D0D200AC8015 /* button-9.mp3 */ = {isa = PBXFileReference; lastKnownFileType = audio.mp3; path = "button-9.mp3"; sourceTree = "<group>"; };
/* End PBXFileReference section */

/* Begin PBXFrameworksBuildPhase section */
		F725F14216E285B7007F8FB7 /* Frameworks */ = {
			isa = PBXFrameworksBuildPhase;
			buildActionMask = 2147483647;
			files = (
				F725F17D16E28862007F8FB7 /* AVFoundation.framework in Frameworks */,
				F725F17B16E2885B007F8FB7 /* AudioToolbox.framework in Frameworks */,
				F725F14A16E285B7007F8FB7 /* UIKit.framework in Frameworks */,
				F725F14C16E285B7007F8FB7 /* Foundation.framework in Frameworks */,
				F725F14E16E285B7007F8FB7 /* CoreGraphics.framework in Frameworks */,
			);
			runOnlyForDeploymentPostprocessing = 0;
		};
/* End PBXFrameworksBuildPhase section */

/* Begin PBXGroup section */
		F725F13A16E285B7007F8FB7 = {
			isa = PBXGroup;
			children = (
				F725F14F16E285B7007F8FB7 /* bach */,
				F725F14816E285B7007F8FB7 /* Frameworks */,
				F725F14616E285B7007F8FB7 /* Products */,
			);
			sourceTree = "<group>";
		};
		F725F14616E285B7007F8FB7 /* Products */ = {
			isa = PBXGroup;
			children = (
				F725F14516E285B7007F8FB7 /* bach.app */,
			);
			name = Products;
			sourceTree = "<group>";
		};
		F725F14816E285B7007F8FB7 /* Frameworks */ = {
			isa = PBXGroup;
			children = (
				F725F17C16E28862007F8FB7 /* AVFoundation.framework */,
				F725F17A16E2885B007F8FB7 /* AudioToolbox.framework */,
				F725F14916E285B7007F8FB7 /* UIKit.framework */,
				F725F14B16E285B7007F8FB7 /* Foundation.framework */,
				F725F14D16E285B7007F8FB7 /* CoreGraphics.framework */,
			);
			name = Frameworks;
			sourceTree = "<group>";
		};
		F725F14F16E285B7007F8FB7 /* bach */ = {
			isa = PBXGroup;
			children = (
				F725F15816E285B7007F8FB7 /* com_zerolinux5AppDelegate.h */,
				F725F15916E285B7007F8FB7 /* com_zerolinux5AppDelegate.m */,
				F725F16116E285B8007F8FB7 /* MainStoryboard.storyboard */,
				F725F16416E285B8007F8FB7 /* com_zerolinux5ViewController.h */,
				F725F16516E285B8007F8FB7 /* com_zerolinux5ViewController.m */,
				F725F15016E285B7007F8FB7 /* Supporting Files */,
			);
			path = bach;
			sourceTree = "<group>";
		};
		F725F15016E285B7007F8FB7 /* Supporting Files */ = {
			isa = PBXGroup;
			children = (
				F7C83AC116E2D0D200AC8015 /* button-9.mp3 */,
				F7C83ABF16E2CF0100AC8015 /* button-3.mp3 */,
				F7C0B22816E29C0000E5FB5B /* newpianoAMusic.mp3 */,
				F7C0B22916E29C0000E5FB5B /* newpianoBMusic.mp3 */,
				F7C0B22A16E29C0000E5FB5B /* newpianoDMusic.mp3 */,
				F7C0B22B16E29C0000E5FB5B /* newpianoEMusic.mp3 */,
				F7C0B22C16E29C0000E5FB5B /* newpianoFMusic.mp3 */,
				F7C0B22D16E29C0000E5FB5B /* newpianoGMusic.mp3 */,
				F7C0B22E16E29C0000E5FB5B /* newpianomiddleCMusic.mp3 */,
				F725F15116E285B7007F8FB7 /* bach-Info.plist */,
				F725F15216E285B7007F8FB7 /* InfoPlist.strings */,
				F725F15516E285B7007F8FB7 /* main.m */,
				F725F15716E285B7007F8FB7 /* bach-Prefix.pch */,
				F725F15B16E285B8007F8FB7 /* Default.png */,
				F725F15D16E285B8007F8FB7 /* Default@2x.png */,
				F725F15F16E285B8007F8FB7 /* Default-568h@2x.png */,
			);
			name = "Supporting Files";
			sourceTree = "<group>";
		};
/* End PBXGroup section */

/* Begin PBXNativeTarget section */
		F725F14416E285B7007F8FB7 /* bach */ = {
			isa = PBXNativeTarget;
			buildConfigurationList = F725F16916E285B8007F8FB7 /* Build configuration list for PBXNativeTarget "bach" */;
			buildPhases = (
				F725F14116E285B7007F8FB7 /* Sources */,
				F725F14216E285B7007F8FB7 /* Frameworks */,
				F725F14316E285B7007F8FB7 /* Resources */,
			);
			buildRules = (
			);
			dependencies = (
			);
			name = bach;
			productName = bach;
			productReference = F725F14516E285B7007F8FB7 /* bach.app */;
			productType = "com.apple.product-type.application";
		};
/* End PBXNativeTarget section */

/* Begin PBXProject section */
		F725F13C16E285B7007F8FB7 /* Project object */ = {
			isa = PBXProject;
			attributes = {
				CLASSPREFIX = com.zerolinux5;
				LastUpgradeCheck = 0450;
				ORGANIZATIONNAME = "Jesus Magana";
			};
			buildConfigurationList = F725F13F16E285B7007F8FB7 /* Build configuration list for PBXProject "bach" */;
			compatibilityVersion = "Xcode 3.2";
			developmentRegion = English;
			hasScannedForEncodings = 0;
			knownRegions = (
				en,
			);
			mainGroup = F725F13A16E285B7007F8FB7;
			productRefGroup = F725F14616E285B7007F8FB7 /* Products */;
			projectDirPath = "";
			projectRoot = "";
			targets = (
				F725F14416E285B7007F8FB7 /* bach */,
			);
		};
/* End PBXProject section */

/* Begin PBXResourcesBuildPhase section */
		F725F14316E285B7007F8FB7 /* Resources */ = {
			isa = PBXResourcesBuildPhase;
			buildActionMask = 2147483647;
			files = (
				F725F15416E285B7007F8FB7 /* InfoPlist.strings in Resources */,
				F725F15C16E285B8007F8FB7 /* Default.png in Resources */,
				F725F15E16E285B8007F8FB7 /* Default@2x.png in Resources */,
				F725F16016E285B8007F8FB7 /* Default-568h@2x.png in Resources */,
				F725F16316E285B8007F8FB7 /* MainStoryboard.storyboard in Resources */,
				F7C0B22F16E29C0000E5FB5B /* newpianoAMusic.mp3 in Resources */,
				F7C0B23016E29C0000E5FB5B /* newpianoBMusic.mp3 in Resources */,
				F7C0B23116E29C0000E5FB5B /* newpianoDMusic.mp3 in Resources */,
				F7C0B23216E29C0000E5FB5B /* newpianoEMusic.mp3 in Resources */,
				F7C0B23316E29C0000E5FB5B /* newpianoFMusic.mp3 in Resources */,
				F7C0B23416E29C0000E5FB5B /* newpianoGMusic.mp3 in Resources */,
				F7C0B23516E29C0000E5FB5B /* newpianomiddleCMusic.mp3 in Resources */,
				F7C83AC016E2CF0100AC8015 /* button-3.mp3 in Resources */,
				F7C83AC216E2D0D200AC8015 /* button-9.mp3 in Resources */,
			);
			runOnlyForDeploymentPostprocessing = 0;
		};
/* End PBXResourcesBuildPhase section */

/* Begin PBXSourcesBuildPhase section */
		F725F14116E285B7007F8FB7 /* Sources */ = {
			isa = PBXSourcesBuildPhase;
			buildActionMask = 2147483647;
			files = (
				F725F15616E285B7007F8FB7 /* main.m in Sources */,
				F725F15A16E285B7007F8FB7 /* com_zerolinux5AppDelegate.m in Sources */,
				F725F16616E285B8007F8FB7 /* com_zerolinux5ViewController.m in Sources */,
			);
			runOnlyForDeploymentPostprocessing = 0;
		};
/* End PBXSourcesBuildPhase section */

/* Begin PBXVariantGroup section */
		F725F15216E285B7007F8FB7 /* InfoPlist.strings */ = {
			isa = PBXVariantGroup;
			children = (
				F725F15316E285B7007F8FB7 /* en */,
			);
			name = InfoPlist.strings;
			sourceTree = "<group>";
		};
		F725F16116E285B8007F8FB7 /* MainStoryboard.storyboard */ = {
			isa = PBXVariantGroup;
			children = (
				F725F16216E285B8007F8FB7 /* en */,
			);
			name = MainStoryboard.storyboard;
			sourceTree = "<group>";
		};
/* End PBXVariantGroup section */

/* Begin XCBuildConfiguration section */
		F725F16716E285B8007F8FB7 /* Debug */ = {
			isa = XCBuildConfiguration;
			buildSettings = {
				ALWAYS_SEARCH_USER_PATHS = NO;
				CLANG_CXX_LANGUAGE_STANDARD = "gnu++0x";
				CLANG_CXX_LIBRARY = "libc++";
				CLANG_WARN_EMPTY_BODY = YES;
				CLANG_WARN__DUPLICATE_METHOD_MATCH = YES;
				CODE_SIGN_IDENTITY = "iPhone Developer: Ellen Dudley (4R85365GJK)";
				"CODE_SIGN_IDENTITY[sdk=iphoneos*]" = "iPhone Developer: Ellen Dudley (4R85365GJK)";
				COPY_PHASE_STRIP = NO;
				GCC_C_LANGUAGE_STANDARD = gnu99;
				GCC_DYNAMIC_NO_PIC = NO;
				GCC_OPTIMIZATION_LEVEL = 0;
				GCC_PREPROCESSOR_DEFINITIONS = (
					"DEBUG=1",
					"$(inherited)",
				);
				GCC_SYMBOLS_PRIVATE_EXTERN = NO;
				GCC_WARN_ABOUT_RETURN_TYPE = YES;
				GCC_WARN_UNINITIALIZED_AUTOS = YES;
				GCC_WARN_UNUSED_VARIABLE = YES;
				IPHONEOS_DEPLOYMENT_TARGET = 6.0;
				ONLY_ACTIVE_ARCH = YES;
				PROVISIONING_PROFILE = "8B891B50-C166-4A39-AA2B-392B46A6CE43";
				"PROVISIONING_PROFILE[sdk=iphoneos*]" = "8B891B50-C166-4A39-AA2B-392B46A6CE43";
				SDKROOT = iphoneos;
			};
			name = Debug;
		};
		F725F16816E285B8007F8FB7 /* Release */ = {
			isa = XCBuildConfiguration;
			buildSettings = {
				ALWAYS_SEARCH_USER_PATHS = NO;
				CLANG_CXX_LANGUAGE_STANDARD = "gnu++0x";
				CLANG_CXX_LIBRARY = "libc++";
				CLANG_WARN_EMPTY_BODY = YES;
				CLANG_WARN__DUPLICATE_METHOD_MATCH = YES;
				CODE_SIGN_IDENTITY = "iPhone Developer: Ellen Dudley (4R85365GJK)";
				"CODE_SIGN_IDENTITY[sdk=iphoneos*]" = "iPhone Developer: Ellen Dudley (4R85365GJK)";
				COPY_PHASE_STRIP = YES;
				GCC_C_LANGUAGE_STANDARD = gnu99;
				GCC_WARN_ABOUT_RETURN_TYPE = YES;
				GCC_WARN_UNINITIALIZED_AUTOS = YES;
				GCC_WARN_UNUSED_VARIABLE = YES;
				IPHONEOS_DEPLOYMENT_TARGET = 6.0;
				OTHER_CFLAGS = "-DNS_BLOCK_ASSERTIONS=1";
				PROVISIONING_PROFILE = "8B891B50-C166-4A39-AA2B-392B46A6CE43";
				"PROVISIONING_PROFILE[sdk=iphoneos*]" = "8B891B50-C166-4A39-AA2B-392B46A6CE43";
				SDKROOT = iphoneos;
				VALIDATE_PRODUCT = YES;
			};
			name = Release;
		};
		F725F16A16E285B8007F8FB7 /* Debug */ = {
			isa = XCBuildConfiguration;
			buildSettings = {
				GCC_PRECOMPILE_PREFIX_HEADER = YES;
				GCC_PREFIX_HEADER = "bach/bach-Prefix.pch";
				INFOPLIST_FILE = "bach/bach-Info.plist";
				PRODUCT_NAME = "$(TARGET_NAME)";
				WRAPPER_EXTENSION = app;
			};
			name = Debug;
		};
		F725F16B16E285B8007F8FB7 /* Release */ = {
			isa = XCBuildConfiguration;
			buildSettings = {
				GCC_PRECOMPILE_PREFIX_HEADER = YES;
				GCC_PREFIX_HEADER = "bach/bach-Prefix.pch";
				INFOPLIST_FILE = "bach/bach-Info.plist";
				PRODUCT_NAME = "$(TARGET_NAME)";
				WRAPPER_EXTENSION = app;
			};
			name = Release;
		};
/* End XCBuildConfiguration section */

/* Begin XCConfigurationList section */
		F725F13F16E285B7007F8FB7 /* Build configuration list for PBXProject "bach" */ = {
			isa = XCConfigurationList;
			buildConfigurations = (
				F725F16716E285B8007F8FB7 /* Debug */,
				F725F16816E285B8007F8FB7 /* Release */,
			);
			defaultConfigurationIsVisible = 0;
			defaultConfigurationName = Release;
		};
		F725F16916E285B8007F8FB7 /* Build configuration list for PBXNativeTarget "bach" */ = {
			isa = XCConfigurationList;
			buildConfigurations = (
				F725F16A16E285B8007F8FB7 /* Debug */,
				F725F16B16E285B8007F8FB7 /* Release */,
			);
			defaultConfigurationIsVisible = 0;
			defaultConfigurationName = Release;
		};
/* End XCConfigurationList section */
	};
	rootObject = F725F13C16E285B7007F8FB7 /* Project object */;
}
